{
  "name": "fitflow-redesign",
  "version": "0.1.0",
  "lockfileVersion": 3,
  "requires": true,
  "packages": {
    "": {
      "name": "fitflow-redesign",
      "version": "0.1.0",
      "workspaces": [
        "backend"
      ]
    },
    "backend": {
      "name": "@fitflow/backend",
      "version": "0.1.0"
    },
    "node_modules/@fitflow/backend": {
      "resolved": "backend",
      "link": true
    }
  }
}
